
Microsoft Visual Studio Solution File, Format Version 12.00
# Visual Studio Version 17
VisualStudioVersion = 17.4.33110.190
MinimumVisualStudioVersion = 10.0.40219.1
Project("{FAE04EC0-301F-11D3-BF4B-00C04F79EFBC}") = "GuessTheNumber", "GuessTheNumber\GuessTheNumber.csproj", "{6F4C6FE7-EB14-4FD0-9B11-B92E5C162B17}"
EndProject
Project("{FAE04EC0-301F-11D3-BF4B-00C04F79EFBC}") = "Tests", "Tests\Tests.csproj", "{A3B5CF22-71B1-4A53-A8D1-0E516BED2553}"
EndProject
Global
	GlobalSection(SolutionConfigurationPlatforms) = preSolution
		Debug|Any CPU = Debug|Any CPU
		Release|Any CPU = Release|Any CPU
	EndGlobalSection
	GlobalSection(ProjectConfigurationPlatforms) = postSolution
		{6F4C6FE7-EB14-4FD0-9B11-B92E5C162B17}.Debug|Any CPU.ActiveCfg = Debug|Any CPU
		{6F4C6FE7-EB14-4FD0-9B11-B92E5C162B17}.Debug|Any CPU.Build.0 = Debug|Any CPU
		{6F4C6FE7-EB14-4FD0-9B11-B92E5C162B17}.Release|Any CPU.ActiveCfg = Release|Any CPU
		{6F4C6FE7-EB14-4FD0-9B11-B92E5C162B17}.Release|Any CPU.Build.0 = Release|Any CPU
		{A3B5CF22-71B1-4A53-A8D1-0E516BED2553}.Debug|Any CPU.ActiveCfg = Debug|Any CPU
		{A3B5CF22-71B1-4A53-A8D1-0E516BED2553}.Debug|Any CPU.Build.0 = Debug|Any CPU
		{A3B5CF22-71B1-4A53-A8D1-0E516BED2553}.Release|Any CPU.ActiveCfg = Release|Any CPU
		{A3B5CF22-71B1-4A53-A8D1-0E516BED2553}.Release|Any CPU.Build.0 = Release|Any CPU
	EndGlobalSection
	GlobalSection(SolutionProperties) = preSolution
		HideSolutionNode = FALSE
	EndGlobalSection
	GlobalSection(ExtensibilityGlobals) = postSolution
		SolutionGuid = {76A9C4CC-F513-4757-9A4E-9821820137E3}
	EndGlobalSection
EndGlobal
